
Microsoft Visual Studio Solution File, Format Version 12.00
# Visual Studio Version 17
VisualStudioVersion = 17.1.32210.238
MinimumVisualStudioVersion = 10.0.40219.1
Project("{FAE04EC0-301F-11D3-BF4B-00C04F79EFBC}") = "GruppUppgift-Pärlhalsband", "GruppUppgift-Pärlhalsband\GruppUppgift-Pärlhalsband.csproj", "{2F26550B-724C-4FC5-986C-EB948EB18C9A}"
EndProject
Global
	GlobalSection(SolutionConfigurationPlatforms) = preSolution
		Debug|Any CPU = Debug|Any CPU
		Release|Any CPU = Release|Any CPU
	EndGlobalSection
	GlobalSection(ProjectConfigurationPlatforms) = postSolution
		{2F26550B-724C-4FC5-986C-EB948EB18C9A}.Debug|Any CPU.ActiveCfg = Debug|Any CPU
		{2F26550B-724C-4FC5-986C-EB948EB18C9A}.Debug|Any CPU.Build.0 = Debug|Any CPU
		{2F26550B-724C-4FC5-986C-EB948EB18C9A}.Release|Any CPU.ActiveCfg = Release|Any CPU
		{2F26550B-724C-4FC5-986C-EB948EB18C9A}.Release|Any CPU.Build.0 = Release|Any CPU
	EndGlobalSection
	GlobalSection(SolutionProperties) = preSolution
		HideSolutionNode = FALSE
	EndGlobalSection
	GlobalSection(ExtensibilityGlobals) = postSolution
		SolutionGuid = {BF1B9EB5-23FE-4A41-B501-26C57F66B981}
	EndGlobalSection
EndGlobal
